
Microsoft Visual Studio Solution File, Format Version 12.00
# Visual Studio Version 17
VisualStudioVersion = 17.3.32929.385
MinimumVisualStudioVersion = 10.0.40219.1
Project("{FAE04EC0-301F-11D3-BF4B-00C04F79EFBC}") = "Basic Loops Lab", "Basic Loops Lab\Basic Loops Lab.csproj", "{941F739A-FC7E-4722-B66B-477D5294B205}"
EndProject
Global
	GlobalSection(SolutionConfigurationPlatforms) = preSolution
		Debug|Any CPU = Debug|Any CPU
		Release|Any CPU = Release|Any CPU
	EndGlobalSection
	GlobalSection(ProjectConfigurationPlatforms) = postSolution
		{941F739A-FC7E-4722-B66B-477D5294B205}.Debug|Any CPU.ActiveCfg = Debug|Any CPU
		{941F739A-FC7E-4722-B66B-477D5294B205}.Debug|Any CPU.Build.0 = Debug|Any CPU
		{941F739A-FC7E-4722-B66B-477D5294B205}.Release|Any CPU.ActiveCfg = Release|Any CPU
		{941F739A-FC7E-4722-B66B-477D5294B205}.Release|Any CPU.Build.0 = Release|Any CPU
	EndGlobalSection
	GlobalSection(SolutionProperties) = preSolution
		HideSolutionNode = FALSE
	EndGlobalSection
	GlobalSection(ExtensibilityGlobals) = postSolution
		SolutionGuid = {453611CD-9CE8-4642-B115-69D69359A257}
	EndGlobalSection
EndGlobal
